
Microsoft Visual Studio Solution File, Format Version 12.00
# Visual Studio Version 17
VisualStudioVersion = 17.0.32014.148
MinimumVisualStudioVersion = 10.0.40219.1
Project("{9A19103F-16F7-4668-BE54-9A1E7A4F7556}") = "lava_tubes", "lava_tubes\lava_tubes.csproj", "{5AA976D2-85CE-4B29-A088-67C71D401E54}"
EndProject
Global
	GlobalSection(SolutionConfigurationPlatforms) = preSolution
		Debug|Any CPU = Debug|Any CPU
		Release|Any CPU = Release|Any CPU
	EndGlobalSection
	GlobalSection(ProjectConfigurationPlatforms) = postSolution
		{5AA976D2-85CE-4B29-A088-67C71D401E54}.Debug|Any CPU.ActiveCfg = Debug|Any CPU
		{5AA976D2-85CE-4B29-A088-67C71D401E54}.Debug|Any CPU.Build.0 = Debug|Any CPU
		{5AA976D2-85CE-4B29-A088-67C71D401E54}.Release|Any CPU.ActiveCfg = Release|Any CPU
		{5AA976D2-85CE-4B29-A088-67C71D401E54}.Release|Any CPU.Build.0 = Release|Any CPU
	EndGlobalSection
	GlobalSection(SolutionProperties) = preSolution
		HideSolutionNode = FALSE
	EndGlobalSection
	GlobalSection(ExtensibilityGlobals) = postSolution
		SolutionGuid = {4A61E84D-2743-4FFF-8D2C-E8D5E3B31F8A}
	EndGlobalSection
EndGlobal
